%{
  "elixir_make": {:hex, :elixir_make, "0.6.0", "38349f3e29aff4864352084fc736fa7fa0f2995a819a737554f7ebd28b85aaab", [:mix], [], "hexpm"},
  "fdb": {:hex, :fdb, "6.0.15-1", "c254106bd029ffc6c0569c780d45b980ae60ac65a80c8edfab5fad4bc061d4e8", [:make, :mix], [{:elixir_make, "~> 0.4", [hex: :elixir_make, repo: "hexpm", optional: false]}, {:sweet_xml, "~> 0.6", [hex: :sweet_xml, repo: "hexpm", optional: false]}], "hexpm"},
  "nebulex": {:hex, :nebulex, "1.1.0", "be45cc3a2b7d01eb7da05747d38072d336187d05796ad9ef2d9dad9be430f915", [:mix], [{:shards, "~> 0.6", [hex: :shards, repo: "hexpm", optional: false]}], "hexpm"},
  "shards": {:hex, :shards, "0.6.0", "678d292ad74a4598a872930f9b12251f43e97f6050287f1fb712fbfd3d282f75", [:make, :rebar3], [], "hexpm"},
  "sweet_xml": {:hex, :sweet_xml, "0.6.6", "fc3e91ec5dd7c787b6195757fbcf0abc670cee1e4172687b45183032221b66b8", [:mix], [], "hexpm"},
}
